
Microsoft Visual Studio Solution File, Format Version 12.00
# Visual Studio Version 17
VisualStudioVersion = 17.1.32328.378
MinimumVisualStudioVersion = 10.0.40219.1
Project("{9A19103F-16F7-4668-BE54-9A1E7A4F7556}") = "ProjectRaymondMichael", "ProjectRaymondMichael\ProjectRaymondMichael.csproj", "{17A7FE2F-D6BC-431D-A83A-092D9314DF3B}"
EndProject
Global
	GlobalSection(SolutionConfigurationPlatforms) = preSolution
		Debug|Any CPU = Debug|Any CPU
		Release|Any CPU = Release|Any CPU
	EndGlobalSection
	GlobalSection(ProjectConfigurationPlatforms) = postSolution
		{17A7FE2F-D6BC-431D-A83A-092D9314DF3B}.Debug|Any CPU.ActiveCfg = Debug|Any CPU
		{17A7FE2F-D6BC-431D-A83A-092D9314DF3B}.Debug|Any CPU.Build.0 = Debug|Any CPU
		{17A7FE2F-D6BC-431D-A83A-092D9314DF3B}.Release|Any CPU.ActiveCfg = Release|Any CPU
		{17A7FE2F-D6BC-431D-A83A-092D9314DF3B}.Release|Any CPU.Build.0 = Release|Any CPU
	EndGlobalSection
	GlobalSection(SolutionProperties) = preSolution
		HideSolutionNode = FALSE
	EndGlobalSection
	GlobalSection(ExtensibilityGlobals) = postSolution
		SolutionGuid = {EC45B5EA-FFF7-443E-98F0-BF9941974A5F}
	EndGlobalSection
EndGlobal
